
Microsoft Visual Studio Solution File, Format Version 12.00
# Visual Studio Version 17
VisualStudioVersion = 17.6.33801.468
MinimumVisualStudioVersion = 10.0.40219.1
Project("{FAE04EC0-301F-11D3-BF4B-00C04F79EFBC}") = "CallingAsyncMethodFromSynchronousCode", "CallingAsyncMethodFromSynchronousCode\CallingAsyncMethodFromSynchronousCode.csproj", "{CA1360C9-49BD-4BB4-A8CF-4615C0ADEFC4}"
EndProject
Global
	GlobalSection(SolutionConfigurationPlatforms) = preSolution
		Debug|Any CPU = Debug|Any CPU
		Release|Any CPU = Release|Any CPU
	EndGlobalSection
	GlobalSection(ProjectConfigurationPlatforms) = postSolution
		{CA1360C9-49BD-4BB4-A8CF-4615C0ADEFC4}.Debug|Any CPU.ActiveCfg = Debug|Any CPU
		{CA1360C9-49BD-4BB4-A8CF-4615C0ADEFC4}.Debug|Any CPU.Build.0 = Debug|Any CPU
		{CA1360C9-49BD-4BB4-A8CF-4615C0ADEFC4}.Release|Any CPU.ActiveCfg = Release|Any CPU
		{CA1360C9-49BD-4BB4-A8CF-4615C0ADEFC4}.Release|Any CPU.Build.0 = Release|Any CPU
	EndGlobalSection
	GlobalSection(SolutionProperties) = preSolution
		HideSolutionNode = FALSE
	EndGlobalSection
	GlobalSection(ExtensibilityGlobals) = postSolution
		SolutionGuid = {EF9A5E80-A6DA-4F89-9D94-86F30B381B83}
	EndGlobalSection
EndGlobal
