
Microsoft Visual Studio Solution File, Format Version 12.00
# Visual Studio Version 17
VisualStudioVersion = 17.0.32112.339
MinimumVisualStudioVersion = 10.0.40219.1
Project("{FAE04EC0-301F-11D3-BF4B-00C04F79EFBC}") = "StringInterpolation", "StringInterpolation\StringInterpolation.csproj", "{76650BB4-A409-4C79-8F6F-864D9F897499}"
EndProject
Global
	GlobalSection(SolutionConfigurationPlatforms) = preSolution
		Debug|Any CPU = Debug|Any CPU
		Release|Any CPU = Release|Any CPU
	EndGlobalSection
	GlobalSection(ProjectConfigurationPlatforms) = postSolution
		{76650BB4-A409-4C79-8F6F-864D9F897499}.Debug|Any CPU.ActiveCfg = Debug|Any CPU
		{76650BB4-A409-4C79-8F6F-864D9F897499}.Debug|Any CPU.Build.0 = Debug|Any CPU
		{76650BB4-A409-4C79-8F6F-864D9F897499}.Release|Any CPU.ActiveCfg = Release|Any CPU
		{76650BB4-A409-4C79-8F6F-864D9F897499}.Release|Any CPU.Build.0 = Release|Any CPU
	EndGlobalSection
	GlobalSection(SolutionProperties) = preSolution
		HideSolutionNode = FALSE
	EndGlobalSection
	GlobalSection(ExtensibilityGlobals) = postSolution
		SolutionGuid = {468AFD6E-A644-432A-B7C6-695FBDB32FDD}
	EndGlobalSection
EndGlobal
