
Microsoft Visual Studio Solution File, Format Version 12.00
# Visual Studio Version 16
VisualStudioVersion = 16.0.31911.196
MinimumVisualStudioVersion = 10.0.40219.1
Project("{9A19103F-16F7-4668-BE54-9A1E7A4F7556}") = "MessageBoxForDevs", "MessageBoxForDevs\MessageBoxForDevs.csproj", "{1928336C-3E35-41E5-A7E0-92D54097DD46}"
EndProject
Global
	GlobalSection(SolutionConfigurationPlatforms) = preSolution
		Debug|Any CPU = Debug|Any CPU
		Development|Any CPU = Development|Any CPU
		Production|Any CPU = Production|Any CPU
		Release|Any CPU = Release|Any CPU
		Staging|Any CPU = Staging|Any CPU
	EndGlobalSection
	GlobalSection(ProjectConfigurationPlatforms) = postSolution
		{1928336C-3E35-41E5-A7E0-92D54097DD46}.Debug|Any CPU.ActiveCfg = Debug|Any CPU
		{1928336C-3E35-41E5-A7E0-92D54097DD46}.Debug|Any CPU.Build.0 = Debug|Any CPU
		{1928336C-3E35-41E5-A7E0-92D54097DD46}.Development|Any CPU.ActiveCfg = Development|Any CPU
		{1928336C-3E35-41E5-A7E0-92D54097DD46}.Development|Any CPU.Build.0 = Development|Any CPU
		{1928336C-3E35-41E5-A7E0-92D54097DD46}.Production|Any CPU.ActiveCfg = Production|Any CPU
		{1928336C-3E35-41E5-A7E0-92D54097DD46}.Production|Any CPU.Build.0 = Production|Any CPU
		{1928336C-3E35-41E5-A7E0-92D54097DD46}.Release|Any CPU.ActiveCfg = Release|Any CPU
		{1928336C-3E35-41E5-A7E0-92D54097DD46}.Release|Any CPU.Build.0 = Release|Any CPU
		{1928336C-3E35-41E5-A7E0-92D54097DD46}.Staging|Any CPU.ActiveCfg = Staging|Any CPU
		{1928336C-3E35-41E5-A7E0-92D54097DD46}.Staging|Any CPU.Build.0 = Staging|Any CPU
	EndGlobalSection
	GlobalSection(SolutionProperties) = preSolution
		HideSolutionNode = FALSE
	EndGlobalSection
	GlobalSection(ExtensibilityGlobals) = postSolution
		SolutionGuid = {E2E335EC-BB40-45B3-8505-20159383E605}
	EndGlobalSection
EndGlobal
