
Microsoft Visual Studio Solution File, Format Version 12.00
# Visual Studio Version 17
VisualStudioVersion = 17.12.35514.174 d17.12
MinimumVisualStudioVersion = 10.0.40219.1
Project("{FAE04EC0-301F-11D3-BF4B-00C04F79EFBC}") = "FolderBrowserDialogMultiSelect", "FolderBrowserDialogMultiSelect\FolderBrowserDialogMultiSelect.csproj", "{49830232-8F63-45EF-A429-48E3CF5C14D9}"
EndProject
Project("{FAE04EC0-301F-11D3-BF4B-00C04F79EFBC}") = "FolderBrowserDialogOriginal", "FolderBrowserDialogOriginal\FolderBrowserDialogOriginal.csproj", "{83AB174E-87E1-42F6-A984-ADDE53976961}"
EndProject
Global
	GlobalSection(SolutionConfigurationPlatforms) = preSolution
		Debug|Any CPU = Debug|Any CPU
		Release|Any CPU = Release|Any CPU
	EndGlobalSection
	GlobalSection(ProjectConfigurationPlatforms) = postSolution
		{49830232-8F63-45EF-A429-48E3CF5C14D9}.Debug|Any CPU.ActiveCfg = Debug|Any CPU
		{49830232-8F63-45EF-A429-48E3CF5C14D9}.Debug|Any CPU.Build.0 = Debug|Any CPU
		{49830232-8F63-45EF-A429-48E3CF5C14D9}.Release|Any CPU.ActiveCfg = Release|Any CPU
		{49830232-8F63-45EF-A429-48E3CF5C14D9}.Release|Any CPU.Build.0 = Release|Any CPU
		{83AB174E-87E1-42F6-A984-ADDE53976961}.Debug|Any CPU.ActiveCfg = Debug|Any CPU
		{83AB174E-87E1-42F6-A984-ADDE53976961}.Debug|Any CPU.Build.0 = Debug|Any CPU
		{83AB174E-87E1-42F6-A984-ADDE53976961}.Release|Any CPU.ActiveCfg = Release|Any CPU
		{83AB174E-87E1-42F6-A984-ADDE53976961}.Release|Any CPU.Build.0 = Release|Any CPU
	EndGlobalSection
	GlobalSection(SolutionProperties) = preSolution
		HideSolutionNode = FALSE
	EndGlobalSection
EndGlobal
