
Microsoft Visual Studio Solution File, Format Version 12.00
# Visual Studio Version 17
VisualStudioVersion = 17.4.33110.190
MinimumVisualStudioVersion = 10.0.40219.1
Project("{9A19103F-16F7-4668-BE54-9A1E7A4F7556}") = "TaskCompletion", "TaskCompletion\TaskCompletion.csproj", "{8DEAEDBE-C6D1-4578-BF8C-36DDB695EB44}"
EndProject
Project("{FAE04EC0-301F-11D3-BF4B-00C04F79EFBC}") = "LegacySpaceLibrary", "LegacySpaceLibrary\LegacySpaceLibrary.csproj", "{61D76390-15D1-4A0F-9FB7-FEDE264B39C0}"
EndProject
Global
	GlobalSection(SolutionConfigurationPlatforms) = preSolution
		Debug|Any CPU = Debug|Any CPU
		Release|Any CPU = Release|Any CPU
	EndGlobalSection
	GlobalSection(ProjectConfigurationPlatforms) = postSolution
		{8DEAEDBE-C6D1-4578-BF8C-36DDB695EB44}.Debug|Any CPU.ActiveCfg = Debug|Any CPU
		{8DEAEDBE-C6D1-4578-BF8C-36DDB695EB44}.Debug|Any CPU.Build.0 = Debug|Any CPU
		{8DEAEDBE-C6D1-4578-BF8C-36DDB695EB44}.Release|Any CPU.ActiveCfg = Release|Any CPU
		{8DEAEDBE-C6D1-4578-BF8C-36DDB695EB44}.Release|Any CPU.Build.0 = Release|Any CPU
		{61D76390-15D1-4A0F-9FB7-FEDE264B39C0}.Debug|Any CPU.ActiveCfg = Debug|Any CPU
		{61D76390-15D1-4A0F-9FB7-FEDE264B39C0}.Debug|Any CPU.Build.0 = Debug|Any CPU
		{61D76390-15D1-4A0F-9FB7-FEDE264B39C0}.Release|Any CPU.ActiveCfg = Release|Any CPU
		{61D76390-15D1-4A0F-9FB7-FEDE264B39C0}.Release|Any CPU.Build.0 = Release|Any CPU
	EndGlobalSection
	GlobalSection(SolutionProperties) = preSolution
		HideSolutionNode = FALSE
	EndGlobalSection
	GlobalSection(ExtensibilityGlobals) = postSolution
		SolutionGuid = {A0D4E38A-AA91-4090-819F-1353C4420CA0}
	EndGlobalSection
EndGlobal
