
Microsoft Visual Studio Solution File, Format Version 12.00
# Visual Studio Version 17
VisualStudioVersion = 17.6.33801.468
MinimumVisualStudioVersion = 10.0.40219.1
Project("{FAE04EC0-301F-11D3-BF4B-00C04F79EFBC}") = "MultipleNLogTargets", "MultipleNLogTargets\MultipleNLogTargets.csproj", "{836CD0E9-AA27-45F0-A766-E23485A9EA8F}"
EndProject
Project("{FAE04EC0-301F-11D3-BF4B-00C04F79EFBC}") = "LoggerAPI", "LoggerAPI\LoggerAPI.csproj", "{0AF02756-8710-446B-88E0-39A74D0057D0}"
EndProject
Global
	GlobalSection(SolutionConfigurationPlatforms) = preSolution
		Debug|Any CPU = Debug|Any CPU
		Release|Any CPU = Release|Any CPU
	EndGlobalSection
	GlobalSection(ProjectConfigurationPlatforms) = postSolution
		{836CD0E9-AA27-45F0-A766-E23485A9EA8F}.Debug|Any CPU.ActiveCfg = Debug|Any CPU
		{836CD0E9-AA27-45F0-A766-E23485A9EA8F}.Debug|Any CPU.Build.0 = Debug|Any CPU
		{836CD0E9-AA27-45F0-A766-E23485A9EA8F}.Release|Any CPU.ActiveCfg = Release|Any CPU
		{836CD0E9-AA27-45F0-A766-E23485A9EA8F}.Release|Any CPU.Build.0 = Release|Any CPU
		{0AF02756-8710-446B-88E0-39A74D0057D0}.Debug|Any CPU.ActiveCfg = Debug|Any CPU
		{0AF02756-8710-446B-88E0-39A74D0057D0}.Debug|Any CPU.Build.0 = Debug|Any CPU
		{0AF02756-8710-446B-88E0-39A74D0057D0}.Release|Any CPU.ActiveCfg = Release|Any CPU
		{0AF02756-8710-446B-88E0-39A74D0057D0}.Release|Any CPU.Build.0 = Release|Any CPU
	EndGlobalSection
	GlobalSection(SolutionProperties) = preSolution
		HideSolutionNode = FALSE
	EndGlobalSection
	GlobalSection(ExtensibilityGlobals) = postSolution
		SolutionGuid = {27951247-06F6-4F10-8976-223421EBD26F}
	EndGlobalSection
EndGlobal
