
Microsoft Visual Studio Solution File, Format Version 12.00
# Visual Studio Version 17
VisualStudioVersion = 17.4.33110.190
MinimumVisualStudioVersion = 10.0.40219.1
Project("{FAE04EC0-301F-11D3-BF4B-00C04F79EFBC}") = "TupleDeconstruction", "TupleDeconstruction\TupleDeconstruction.csproj", "{7D5DB90E-9E85-4AA1-95C3-55DDF5A7F405}"
EndProject
Global
	GlobalSection(SolutionConfigurationPlatforms) = preSolution
		Debug|Any CPU = Debug|Any CPU
		Release|Any CPU = Release|Any CPU
	EndGlobalSection
	GlobalSection(ProjectConfigurationPlatforms) = postSolution
		{7D5DB90E-9E85-4AA1-95C3-55DDF5A7F405}.Debug|Any CPU.ActiveCfg = Debug|Any CPU
		{7D5DB90E-9E85-4AA1-95C3-55DDF5A7F405}.Debug|Any CPU.Build.0 = Debug|Any CPU
		{7D5DB90E-9E85-4AA1-95C3-55DDF5A7F405}.Release|Any CPU.ActiveCfg = Release|Any CPU
		{7D5DB90E-9E85-4AA1-95C3-55DDF5A7F405}.Release|Any CPU.Build.0 = Release|Any CPU
	EndGlobalSection
	GlobalSection(SolutionProperties) = preSolution
		HideSolutionNode = FALSE
	EndGlobalSection
	GlobalSection(ExtensibilityGlobals) = postSolution
		SolutionGuid = {DC4A4177-557C-4DE9-8BC4-0DE3BFEAF71A}
	EndGlobalSection
EndGlobal
