
Microsoft Visual Studio Solution File, Format Version 12.00
# Visual Studio Version 17
VisualStudioVersion = 17.11.35303.130
MinimumVisualStudioVersion = 10.0.40219.1
Project("{FAE04EC0-301F-11D3-BF4B-00C04F79EFBC}") = "SimpleAsyncExamples", "SimpleAsyncExamples\SimpleAsyncExamples.csproj", "{DCEBA89D-2623-4376-9BE8-D35591F387B0}"
EndProject
Global
	GlobalSection(SolutionConfigurationPlatforms) = preSolution
		Debug|Any CPU = Debug|Any CPU
		Release|Any CPU = Release|Any CPU
	EndGlobalSection
	GlobalSection(ProjectConfigurationPlatforms) = postSolution
		{DCEBA89D-2623-4376-9BE8-D35591F387B0}.Debug|Any CPU.ActiveCfg = Debug|Any CPU
		{DCEBA89D-2623-4376-9BE8-D35591F387B0}.Debug|Any CPU.Build.0 = Debug|Any CPU
		{DCEBA89D-2623-4376-9BE8-D35591F387B0}.Release|Any CPU.ActiveCfg = Release|Any CPU
		{DCEBA89D-2623-4376-9BE8-D35591F387B0}.Release|Any CPU.Build.0 = Release|Any CPU
	EndGlobalSection
	GlobalSection(SolutionProperties) = preSolution
		HideSolutionNode = FALSE
	EndGlobalSection
	GlobalSection(ExtensibilityGlobals) = postSolution
		SolutionGuid = {2BD652D9-6189-45CB-8C78-E73074D7746B}
	EndGlobalSection
EndGlobal
